
Microsoft Visual Studio Solution File, Format Version 12.00
# Visual Studio Version 16
VisualStudioVersion = 16.0.31005.135
MinimumVisualStudioVersion = 10.0.40219.1
Project("{FAE04EC0-301F-11D3-BF4B-00C04F79EFBC}") = "TP1PBO2021", "TP1PBO2021\TP1PBO2021.csproj", "{DAE7DEC8-60A1-4EE7-95B1-AA0E5FD9C2E7}"
EndProject
Global
	GlobalSection(SolutionConfigurationPlatforms) = preSolution
		Debug|Any CPU = Debug|Any CPU
		Release|Any CPU = Release|Any CPU
	EndGlobalSection
	GlobalSection(ProjectConfigurationPlatforms) = postSolution
		{DAE7DEC8-60A1-4EE7-95B1-AA0E5FD9C2E7}.Debug|Any CPU.ActiveCfg = Debug|Any CPU
		{DAE7DEC8-60A1-4EE7-95B1-AA0E5FD9C2E7}.Debug|Any CPU.Build.0 = Debug|Any CPU
		{DAE7DEC8-60A1-4EE7-95B1-AA0E5FD9C2E7}.Release|Any CPU.ActiveCfg = Release|Any CPU
		{DAE7DEC8-60A1-4EE7-95B1-AA0E5FD9C2E7}.Release|Any CPU.Build.0 = Release|Any CPU
	EndGlobalSection
	GlobalSection(SolutionProperties) = preSolution
		HideSolutionNode = FALSE
	EndGlobalSection
	GlobalSection(ExtensibilityGlobals) = postSolution
		SolutionGuid = {F6546971-4903-4093-8B65-53C33DA36B02}
	EndGlobalSection
EndGlobal
